
Microsoft Visual Studio Solution File, Format Version 12.00
# Visual Studio Version 16
VisualStudioVersion = 25.0.1704.0
MinimumVisualStudioVersion = 10.0.40219.1
Project("{FAE04EC0-301F-11D3-BF4B-00C04F79EFBC}") = "CarRentalACC", "CarRentalACC\CarRentalACC.csproj", "{F8CE22C0-FC94-4E65-972C-453F307484BD}"
EndProject
Global
	GlobalSection(SolutionConfigurationPlatforms) = preSolution
		Debug|Any CPU = Debug|Any CPU
		Release|Any CPU = Release|Any CPU
	EndGlobalSection
	GlobalSection(ProjectConfigurationPlatforms) = postSolution
		{F8CE22C0-FC94-4E65-972C-453F307484BD}.Debug|Any CPU.ActiveCfg = Debug|Any CPU
		{F8CE22C0-FC94-4E65-972C-453F307484BD}.Debug|Any CPU.Build.0 = Debug|Any CPU
		{F8CE22C0-FC94-4E65-972C-453F307484BD}.Release|Any CPU.ActiveCfg = Release|Any CPU
		{F8CE22C0-FC94-4E65-972C-453F307484BD}.Release|Any CPU.Build.0 = Release|Any CPU
	EndGlobalSection
	GlobalSection(SolutionProperties) = preSolution
		HideSolutionNode = FALSE
	EndGlobalSection
	GlobalSection(ExtensibilityGlobals) = postSolution
		SolutionGuid = {56A74C43-3EF5-491A-A97B-CF3B8135BCC3}
	EndGlobalSection
EndGlobal
